// !$*UTF8*$!
{
	archiveVersion = 1;
	classes = {
	};
	objectVersion = 51;
	objects = {

/* Begin PBXBuildFile section */
		2CED7AFD5AF8BF0594AC1396 /* Pods_Flight_Booking.framework in Frameworks */ = {isa = PBXBuildFile; fileRef = F8D9A615C6C9E24CABB62C69 /* Pods_Flight_Booking.framework */; };
		2E0A5FF024F940C4004E34DB /* CustomCell.swift in Sources */ = {isa = PBXBuildFile; fileRef = 2E0A5FEF24F940C4004E34DB /* CustomCell.swift */; };
		2E0A5FF224F964BC004E34DB /* String+Extension.swift in Sources */ = {isa = PBXBuildFile; fileRef = 2E0A5FF124F964BC004E34DB /* String+Extension.swift */; };
		2EFAF7B724F41FA5008CC5D3 /* AppDelegate.swift in Sources */ = {isa = PBXBuildFile; fileRef = 2EFAF7B624F41FA5008CC5D3 /* AppDelegate.swift */; };
		2EFAF7B924F41FA5008CC5D3 /* SceneDelegate.swift in Sources */ = {isa = PBXBuildFile; fileRef = 2EFAF7B824F41FA5008CC5D3 /* SceneDelegate.swift */; };
		2EFAF7BB24F41FA5008CC5D3 /* ViewController.swift in Sources */ = {isa = PBXBuildFile; fileRef = 2EFAF7BA24F41FA5008CC5D3 /* ViewController.swift */; };
		2EFAF7BE24F41FA5008CC5D3 /* Main.storyboard in Resources */ = {isa = PBXBuildFile; fileRef = 2EFAF7BC24F41FA5008CC5D3 /* Main.storyboard */; };
		2EFAF7C024F41FA8008CC5D3 /* Assets.xcassets in Resources */ = {isa = PBXBuildFile; fileRef = 2EFAF7BF24F41FA8008CC5D3 /* Assets.xcassets */; };
		2EFAF7C324F41FA8008CC5D3 /* LaunchScreen.storyboard in Resources */ = {isa = PBXBuildFile; fileRef = 2EFAF7C124F41FA8008CC5D3 /* LaunchScreen.storyboard */; };
		2EFAF7C824F41FA8008CC5D3 /* Flight Booking WatchKit App.app in Embed Watch Content */ = {isa = PBXBuildFile; fileRef = 2EFAF7C724F41FA8008CC5D3 /* Flight Booking WatchKit App.app */; settings = {ATTRIBUTES = (RemoveHeadersOnCopy, ); }; };
		2EFAF7CE24F41FA8008CC5D3 /* Interface.storyboard in Resources */ = {isa = PBXBuildFile; fileRef = 2EFAF7CC24F41FA8008CC5D3 /* Interface.storyboard */; };
		2EFAF7D024F41FAA008CC5D3 /* Assets.xcassets in Resources */ = {isa = PBXBuildFile; fileRef = 2EFAF7CF24F41FAA008CC5D3 /* Assets.xcassets */; };
		2EFAF7D724F41FAA008CC5D3 /* Flight Booking WatchKit Extension.appex in Embed App Extensions */ = {isa = PBXBuildFile; fileRef = 2EFAF7D624F41FAA008CC5D3 /* Flight Booking WatchKit Extension.appex */; settings = {ATTRIBUTES = (RemoveHeadersOnCopy, ); }; };
		2EFAF7DC24F41FAA008CC5D3 /* InterfaceController.swift in Sources */ = {isa = PBXBuildFile; fileRef = 2EFAF7DB24F41FAA008CC5D3 /* InterfaceController.swift */; };
		2EFAF7DE24F41FAA008CC5D3 /* ExtensionDelegate.swift in Sources */ = {isa = PBXBuildFile; fileRef = 2EFAF7DD24F41FAA008CC5D3 /* ExtensionDelegate.swift */; };
		2EFAF7E024F41FAA008CC5D3 /* NotificationController.swift in Sources */ = {isa = PBXBuildFile; fileRef = 2EFAF7DF24F41FAA008CC5D3 /* NotificationController.swift */; };
		2EFAF7E224F41FAC008CC5D3 /* Assets.xcassets in Resources */ = {isa = PBXBuildFile; fileRef = 2EFAF7E124F41FAC008CC5D3 /* Assets.xcassets */; };
		2EFAF7F424F579D9008CC5D3 /* Source in Resources */ = {isa = PBXBuildFile; fileRef = 2EFAF7F324F579D7008CC5D3 /* Source */; };
		2EFAF7F724F57D60008CC5D3 /* TextField+Extension.swift in Sources */ = {isa = PBXBuildFile; fileRef = 2EFAF7F624F57D60008CC5D3 /* TextField+Extension.swift */; };
		2EFAF7F924F580E3008CC5D3 /* FlightViewController.swift in Sources */ = {isa = PBXBuildFile; fileRef = 2EFAF7F824F580E3008CC5D3 /* FlightViewController.swift */; };
		2EFAF7FC24F8701D008CC5D3 /* Trip.swift in Sources */ = {isa = PBXBuildFile; fileRef = 2EFAF7FB24F8701C008CC5D3 /* Trip.swift */; };
		2EFAF7FE24F8719D008CC5D3 /* FlightAPI.swift in Sources */ = {isa = PBXBuildFile; fileRef = 2EFAF7FD24F8719D008CC5D3 /* FlightAPI.swift */; };
		390A6D5588C32B1C8E669AA7 /* Pods_Flight_Booking_WatchKit_App.framework in Frameworks */ = {isa = PBXBuildFile; fileRef = 89514E96F658EDFD7B8FE312 /* Pods_Flight_Booking_WatchKit_App.framework */; };
		E00BDFE70A8381D8D40665D5 /* Pods_Flight_Booking_WatchKit_Extension.framework in Frameworks */ = {isa = PBXBuildFile; fileRef = 744B533A8ADAE43FDB03A012 /* Pods_Flight_Booking_WatchKit_Extension.framework */; };
/* End PBXBuildFile section */

/* Begin PBXContainerItemProxy section */
		2EFAF7C924F41FA8008CC5D3 /* PBXContainerItemProxy */ = {
			isa = PBXContainerItemProxy;
			containerPortal = 2EFAF7AB24F41FA5008CC5D3 /* Project object */;
			proxyType = 1;
			remoteGlobalIDString = 2EFAF7C624F41FA8008CC5D3;
			remoteInfo = "Flight Booking WatchKit App";
		};
		2EFAF7D824F41FAA008CC5D3 /* PBXContainerItemProxy */ = {
			isa = PBXContainerItemProxy;
			containerPortal = 2EFAF7AB24F41FA5008CC5D3 /* Project object */;
			proxyType = 1;
			remoteGlobalIDString = 2EFAF7D524F41FAA008CC5D3;
			remoteInfo = "Flight Booking WatchKit Extension";
		};
/* End PBXContainerItemProxy section */

/* Begin PBXCopyFilesBuildPhase section */
		2EFAF7EA24F41FAC008CC5D3 /* Embed App Extensions */ = {
			isa = PBXCopyFilesBuildPhase;
			buildActionMask = 2147483647;
			dstPath = "";
			dstSubfolderSpec = 13;
			files = (
				2EFAF7D724F41FAA008CC5D3 /* Flight Booking WatchKit Extension.appex in Embed App Extensions */,
			);
			name = "Embed App Extensions";
			runOnlyForDeploymentPostprocessing = 0;
		};
		2EFAF7EE24F41FAC008CC5D3 /* Embed Watch Content */ = {
			isa = PBXCopyFilesBuildPhase;
			buildActionMask = 2147483647;
			dstPath = "$(CONTENTS_FOLDER_PATH)/Watch";
			dstSubfolderSpec = 16;
			files = (
				2EFAF7C824F41FA8008CC5D3 /* Flight Booking WatchKit App.app in Embed Watch Content */,
			);
			name = "Embed Watch Content";
			runOnlyForDeploymentPostprocessing = 0;
		};
/* End PBXCopyFilesBuildPhase section */

/* Begin PBXFileReference section */
		08682DED873CC71C80FEBC2E /* Pods-Flight Booking WatchKit App.debug.xcconfig */ = {isa = PBXFileReference; includeInIndex = 1; lastKnownFileType = text.xcconfig; name = "Pods-Flight Booking WatchKit App.debug.xcconfig"; path = "Target Support Files/Pods-Flight Booking WatchKit App/Pods-Flight Booking WatchKit App.debug.xcconfig"; sourceTree = "<group>"; };
		2E0A5FEF24F940C4004E34DB /* CustomCell.swift */ = {isa = PBXFileReference; lastKnownFileType = sourcecode.swift; path = CustomCell.swift; sourceTree = "<group>"; };
		2E0A5FF124F964BC004E34DB /* String+Extension.swift */ = {isa = PBXFileReference; lastKnownFileType = sourcecode.swift; path = "String+Extension.swift"; sourceTree = "<group>"; };
		2E351A4749374D4EEF91F884 /* Pods-Flight Booking.release.xcconfig */ = {isa = PBXFileReference; includeInIndex = 1; lastKnownFileType = text.xcconfig; name = "Pods-Flight Booking.release.xcconfig"; path = "Target Support Files/Pods-Flight Booking/Pods-Flight Booking.release.xcconfig"; sourceTree = "<group>"; };
		2EFAF7B324F41FA5008CC5D3 /* Flight Booking.app */ = {isa = PBXFileReference; explicitFileType = wrapper.application; includeInIndex = 0; path = "Flight Booking.app"; sourceTree = BUILT_PRODUCTS_DIR; };
		2EFAF7B624F41FA5008CC5D3 /* AppDelegate.swift */ = {isa = PBXFileReference; lastKnownFileType = sourcecode.swift; path = AppDelegate.swift; sourceTree = "<group>"; };
		2EFAF7B824F41FA5008CC5D3 /* SceneDelegate.swift */ = {isa = PBXFileReference; lastKnownFileType = sourcecode.swift; path = SceneDelegate.swift; sourceTree = "<group>"; };
		2EFAF7BA24F41FA5008CC5D3 /* ViewController.swift */ = {isa = PBXFileReference; lastKnownFileType = sourcecode.swift; path = ViewController.swift; sourceTree = "<group>"; };
		2EFAF7BD24F41FA5008CC5D3 /* Base */ = {isa = PBXFileReference; lastKnownFileType = file.storyboard; name = Base; path = Base.lproj/Main.storyboard; sourceTree = "<group>"; };
		2EFAF7BF24F41FA8008CC5D3 /* Assets.xcassets */ = {isa = PBXFileReference; lastKnownFileType = folder.assetcatalog; path = Assets.xcassets; sourceTree = "<group>"; };
		2EFAF7C224F41FA8008CC5D3 /* Base */ = {isa = PBXFileReference; lastKnownFileType = file.storyboard; name = Base; path = Base.lproj/LaunchScreen.storyboard; sourceTree = "<group>"; };
		2EFAF7C424F41FA8008CC5D3 /* Info.plist */ = {isa = PBXFileReference; lastKnownFileType = text.plist.xml; path = Info.plist; sourceTree = "<group>"; };
		2EFAF7C724F41FA8008CC5D3 /* Flight Booking WatchKit App.app */ = {isa = PBXFileReference; explicitFileType = wrapper.application; includeInIndex = 0; path = "Flight Booking WatchKit App.app"; sourceTree = BUILT_PRODUCTS_DIR; };
		2EFAF7CD24F41FA8008CC5D3 /* Base */ = {isa = PBXFileReference; lastKnownFileType = file.storyboard; name = Base; path = Base.lproj/Interface.storyboard; sourceTree = "<group>"; };
		2EFAF7CF24F41FAA008CC5D3 /* Assets.xcassets */ = {isa = PBXFileReference; lastKnownFileType = folder.assetcatalog; path = Assets.xcassets; sourceTree = "<group>"; };
		2EFAF7D124F41FAA008CC5D3 /* Info.plist */ = {isa = PBXFileReference; lastKnownFileType = text.plist.xml; path = Info.plist; sourceTree = "<group>"; };
		2EFAF7D624F41FAA008CC5D3 /* Flight Booking WatchKit Extension.appex */ = {isa = PBXFileReference; explicitFileType = "wrapper.app-extension"; includeInIndex = 0; path = "Flight Booking WatchKit Extension.appex"; sourceTree = BUILT_PRODUCTS_DIR; };
		2EFAF7DB24F41FAA008CC5D3 /* InterfaceController.swift */ = {isa = PBXFileReference; lastKnownFileType = sourcecode.swift; path = InterfaceController.swift; sourceTree = "<group>"; };
		2EFAF7DD24F41FAA008CC5D3 /* ExtensionDelegate.swift */ = {isa = PBXFileReference; lastKnownFileType = sourcecode.swift; path = ExtensionDelegate.swift; sourceTree = "<group>"; };
		2EFAF7DF24F41FAA008CC5D3 /* NotificationController.swift */ = {isa = PBXFileReference; lastKnownFileType = sourcecode.swift; path = NotificationController.swift; sourceTree = "<group>"; };
		2EFAF7E124F41FAC008CC5D3 /* Assets.xcassets */ = {isa = PBXFileReference; lastKnownFileType = folder.assetcatalog; path = Assets.xcassets; sourceTree = "<group>"; };
		2EFAF7E324F41FAC008CC5D3 /* Info.plist */ = {isa = PBXFileReference; lastKnownFileType = text.plist.xml; path = Info.plist; sourceTree = "<group>"; };
		2EFAF7E424F41FAC008CC5D3 /* PushNotificationPayload.apns */ = {isa = PBXFileReference; lastKnownFileType = text; path = PushNotificationPayload.apns; sourceTree = "<group>"; };
		2EFAF7F324F579D7008CC5D3 /* Source */ = {isa = PBXFileReference; lastKnownFileType = folder; path = Source; sourceTree = "<group>"; };
		2EFAF7F624F57D60008CC5D3 /* TextField+Extension.swift */ = {isa = PBXFileReference; lastKnownFileType = sourcecode.swift; path = "TextField+Extension.swift"; sourceTree = "<group>"; };
		2EFAF7F824F580E3008CC5D3 /* FlightViewController.swift */ = {isa = PBXFileReference; lastKnownFileType = sourcecode.swift; path = FlightViewController.swift; sourceTree = "<group>"; };
		2EFAF7FB24F8701C008CC5D3 /* Trip.swift */ = {isa = PBXFileReference; lastKnownFileType = sourcecode.swift; path = Trip.swift; sourceTree = "<group>"; };
		2EFAF7FD24F8719D008CC5D3 /* FlightAPI.swift */ = {isa = PBXFileReference; lastKnownFileType = sourcecode.swift; path = FlightAPI.swift; sourceTree = "<group>"; };
		53629B602205CE15A91BA1E4 /* Pods-Flight Booking WatchKit App.release.xcconfig */ = {isa = PBXFileReference; includeInIndex = 1; lastKnownFileType = text.xcconfig; name = "Pods-Flight Booking WatchKit App.release.xcconfig"; path = "Target Support Files/Pods-Flight Booking WatchKit App/Pods-Flight Booking WatchKit App.release.xcconfig"; sourceTree = "<group>"; };
		63BD306FBEDFF86CD7F86395 /* Pods-Flight Booking.debug.xcconfig */ = {isa = PBXFileReference; includeInIndex = 1; lastKnownFileType = text.xcconfig; name = "Pods-Flight Booking.debug.xcconfig"; path = "Target Support Files/Pods-Flight Booking/Pods-Flight Booking.debug.xcconfig"; sourceTree = "<group>"; };
		66A11FFED12E3AA402D54292 /* Pods-Flight Booking WatchKit Extension.debug.xcconfig */ = {isa = PBXFileReference; includeInIndex = 1; lastKnownFileType = text.xcconfig; name = "Pods-Flight Booking WatchKit Extension.debug.xcconfig"; path = "Target Support Files/Pods-Flight Booking WatchKit Extension/Pods-Flight Booking WatchKit Extension.debug.xcconfig"; sourceTree = "<group>"; };
		744B533A8ADAE43FDB03A012 /* Pods_Flight_Booking_WatchKit_Extension.framework */ = {isa = PBXFileReference; explicitFileType = wrapper.framework; includeInIndex = 0; path = Pods_Flight_Booking_WatchKit_Extension.framework; sourceTree = BUILT_PRODUCTS_DIR; };
		89514E96F658EDFD7B8FE312 /* Pods_Flight_Booking_WatchKit_App.framework */ = {isa = PBXFileReference; explicitFileType = wrapper.framework; includeInIndex = 0; path = Pods_Flight_Booking_WatchKit_App.framework; sourceTree = BUILT_PRODUCTS_DIR; };
		F8D9A615C6C9E24CABB62C69 /* Pods_Flight_Booking.framework */ = {isa = PBXFileReference; explicitFileType = wrapper.framework; includeInIndex = 0; path = Pods_Flight_Booking.framework; sourceTree = BUILT_PRODUCTS_DIR; };
		FE108C1EE57D9952A871E3C3 /* Pods-Flight Booking WatchKit Extension.release.xcconfig */ = {isa = PBXFileReference; includeInIndex = 1; lastKnownFileType = text.xcconfig; name = "Pods-Flight Booking WatchKit Extension.release.xcconfig"; path = "Target Support Files/Pods-Flight Booking WatchKit Extension/Pods-Flight Booking WatchKit Extension.release.xcconfig"; sourceTree = "<group>"; };
/* End PBXFileReference section */

/* Begin PBXFrameworksBuildPhase section */
		2EFAF7B024F41FA5008CC5D3 /* Frameworks */ = {
			isa = PBXFrameworksBuildPhase;
			buildActionMask = 2147483647;
			files = (
				2CED7AFD5AF8BF0594AC1396 /* Pods_Flight_Booking.framework in Frameworks */,
			);
			runOnlyForDeploymentPostprocessing = 0;
		};
		2EFAF7D324F41FAA008CC5D3 /* Frameworks */ = {
			isa = PBXFrameworksBuildPhase;
			buildActionMask = 2147483647;
			files = (
				E00BDFE70A8381D8D40665D5 /* Pods_Flight_Booking_WatchKit_Extension.framework in Frameworks */,
			);
			runOnlyForDeploymentPostprocessing = 0;
		};
		D055E78270D7C4F9D09A20A1 /* Frameworks */ = {
			isa = PBXFrameworksBuildPhase;
			buildActionMask = 2147483647;
			files = (
				390A6D5588C32B1C8E669AA7 /* Pods_Flight_Booking_WatchKit_App.framework in Frameworks */,
			);
			runOnlyForDeploymentPostprocessing = 0;
		};
/* End PBXFrameworksBuildPhase section */

/* Begin PBXGroup section */
		2EFAF7AA24F41FA4008CC5D3 = {
			isa = PBXGroup;
			children = (
				2EFAF7B524F41FA5008CC5D3 /* Flight Booking */,
				2EFAF7CB24F41FA8008CC5D3 /* Flight Booking WatchKit App */,
				2EFAF7DA24F41FAA008CC5D3 /* Flight Booking WatchKit Extension */,
				2EFAF7B424F41FA5008CC5D3 /* Products */,
				87B3049CE37F68A05CD70BD7 /* Pods */,
				383DCA245E27D74FA6308803 /* Frameworks */,
			);
			sourceTree = "<group>";
		};
		2EFAF7B424F41FA5008CC5D3 /* Products */ = {
			isa = PBXGroup;
			children = (
				2EFAF7B324F41FA5008CC5D3 /* Flight Booking.app */,
				2EFAF7C724F41FA8008CC5D3 /* Flight Booking WatchKit App.app */,
				2EFAF7D624F41FAA008CC5D3 /* Flight Booking WatchKit Extension.appex */,
			);
			name = Products;
			sourceTree = "<group>";
		};
		2EFAF7B524F41FA5008CC5D3 /* Flight Booking */ = {
			isa = PBXGroup;
			children = (
				2EFAF7FA24F87007008CC5D3 /* Model */,
				2EFAF7F524F57D4C008CC5D3 /* Extensions */,
				2EFAF7F324F579D7008CC5D3 /* Source */,
				2EFAF7F224F422D0008CC5D3 /* Networking */,
				2EFAF7B624F41FA5008CC5D3 /* AppDelegate.swift */,
				2EFAF7B824F41FA5008CC5D3 /* SceneDelegate.swift */,
				2EFAF7FD24F8719D008CC5D3 /* FlightAPI.swift */,
				2EFAF7BA24F41FA5008CC5D3 /* ViewController.swift */,
				2EFAF7BC24F41FA5008CC5D3 /* Main.storyboard */,
				2EFAF7BF24F41FA8008CC5D3 /* Assets.xcassets */,
				2EFAF7C124F41FA8008CC5D3 /* LaunchScreen.storyboard */,
				2EFAF7C424F41FA8008CC5D3 /* Info.plist */,
				2EFAF7F824F580E3008CC5D3 /* FlightViewController.swift */,
			);
			path = "Flight Booking";
			sourceTree = "<group>";
		};
		2EFAF7CB24F41FA8008CC5D3 /* Flight Booking WatchKit App */ = {
			isa = PBXGroup;
			children = (
				2EFAF7CC24F41FA8008CC5D3 /* Interface.storyboard */,
				2EFAF7CF24F41FAA008CC5D3 /* Assets.xcassets */,
				2EFAF7D124F41FAA008CC5D3 /* Info.plist */,
			);
			path = "Flight Booking WatchKit App";
			sourceTree = "<group>";
		};
		2EFAF7DA24F41FAA008CC5D3 /* Flight Booking WatchKit Extension */ = {
			isa = PBXGroup;
			children = (
				2EFAF7DB24F41FAA008CC5D3 /* InterfaceController.swift */,
				2EFAF7DD24F41FAA008CC5D3 /* ExtensionDelegate.swift */,
				2EFAF7DF24F41FAA008CC5D3 /* NotificationController.swift */,
				2EFAF7E124F41FAC008CC5D3 /* Assets.xcassets */,
				2EFAF7E324F41FAC008CC5D3 /* Info.plist */,
				2EFAF7E424F41FAC008CC5D3 /* PushNotificationPayload.apns */,
			);
			path = "Flight Booking WatchKit Extension";
			sourceTree = "<group>";
		};
		2EFAF7F224F422D0008CC5D3 /* Networking */ = {
			isa = PBXGroup;
			children = (
			);
			path = Networking;
			sourceTree = "<group>";
		};
		2EFAF7F524F57D4C008CC5D3 /* Extensions */ = {
			isa = PBXGroup;
			children = (
				2EFAF7F624F57D60008CC5D3 /* TextField+Extension.swift */,
				2E0A5FF124F964BC004E34DB /* String+Extension.swift */,
			);
			path = Extensions;
			sourceTree = "<group>";
		};
		2EFAF7FA24F87007008CC5D3 /* Model */ = {
			isa = PBXGroup;
			children = (
				2EFAF7FB24F8701C008CC5D3 /* Trip.swift */,
				2E0A5FEF24F940C4004E34DB /* CustomCell.swift */,
			);
			path = Model;
			sourceTree = "<group>";
		};
		383DCA245E27D74FA6308803 /* Frameworks */ = {
			isa = PBXGroup;
			children = (
				F8D9A615C6C9E24CABB62C69 /* Pods_Flight_Booking.framework */,
				89514E96F658EDFD7B8FE312 /* Pods_Flight_Booking_WatchKit_App.framework */,
				744B533A8ADAE43FDB03A012 /* Pods_Flight_Booking_WatchKit_Extension.framework */,
			);
			name = Frameworks;
			sourceTree = "<group>";
		};
		87B3049CE37F68A05CD70BD7 /* Pods */ = {
			isa = PBXGroup;
			children = (
				63BD306FBEDFF86CD7F86395 /* Pods-Flight Booking.debug.xcconfig */,
				2E351A4749374D4EEF91F884 /* Pods-Flight Booking.release.xcconfig */,
				08682DED873CC71C80FEBC2E /* Pods-Flight Booking WatchKit App.debug.xcconfig */,
				53629B602205CE15A91BA1E4 /* Pods-Flight Booking WatchKit App.release.xcconfig */,
				66A11FFED12E3AA402D54292 /* Pods-Flight Booking WatchKit Extension.debug.xcconfig */,
				FE108C1EE57D9952A871E3C3 /* Pods-Flight Booking WatchKit Extension.release.xcconfig */,
			);
			path = Pods;
			sourceTree = "<group>";
		};
/* End PBXGroup section */

/* Begin PBXNativeTarget section */
		2EFAF7B224F41FA5008CC5D3 /* Flight Booking */ = {
			isa = PBXNativeTarget;
			buildConfigurationList = 2EFAF7EF24F41FAC008CC5D3 /* Build configuration list for PBXNativeTarget "Flight Booking" */;
			buildPhases = (
				20DDA56AEA9693DAE3B7ACF5 /* [CP] Check Pods Manifest.lock */,
				2EFAF7AF24F41FA5008CC5D3 /* Sources */,
				2EFAF7B024F41FA5008CC5D3 /* Frameworks */,
				2EFAF7B124F41FA5008CC5D3 /* Resources */,
				2EFAF7EE24F41FAC008CC5D3 /* Embed Watch Content */,
				6341CB22FCE5A9857C0792DA /* [CP] Embed Pods Frameworks */,
			);
			buildRules = (
			);
			dependencies = (
				2EFAF7CA24F41FA8008CC5D3 /* PBXTargetDependency */,
			);
			name = "Flight Booking";
			productName = "Flight Booking";
			productReference = 2EFAF7B324F41FA5008CC5D3 /* Flight Booking.app */;
			productType = "com.apple.product-type.application";
		};
		2EFAF7C624F41FA8008CC5D3 /* Flight Booking WatchKit App */ = {
			isa = PBXNativeTarget;
			buildConfigurationList = 2EFAF7EB24F41FAC008CC5D3 /* Build configuration list for PBXNativeTarget "Flight Booking WatchKit App" */;
			buildPhases = (
				BBAAC6C4169820A6F6DA5E5C /* [CP] Check Pods Manifest.lock */,
				2EFAF7C524F41FA8008CC5D3 /* Resources */,
				2EFAF7EA24F41FAC008CC5D3 /* Embed App Extensions */,
				D055E78270D7C4F9D09A20A1 /* Frameworks */,
			);
			buildRules = (
			);
			dependencies = (
				2EFAF7D924F41FAA008CC5D3 /* PBXTargetDependency */,
			);
			name = "Flight Booking WatchKit App";
			productName = "Flight Booking WatchKit App";
			productReference = 2EFAF7C724F41FA8008CC5D3 /* Flight Booking WatchKit App.app */;
			productType = "com.apple.product-type.application.watchapp2";
		};
		2EFAF7D524F41FAA008CC5D3 /* Flight Booking WatchKit Extension */ = {
			isa = PBXNativeTarget;
			buildConfigurationList = 2EFAF7E724F41FAC008CC5D3 /* Build configuration list for PBXNativeTarget "Flight Booking WatchKit Extension" */;
			buildPhases = (
				F5B25E64176FE1A117C05CA2 /* [CP] Check Pods Manifest.lock */,
				2EFAF7D224F41FAA008CC5D3 /* Sources */,
				2EFAF7D324F41FAA008CC5D3 /* Frameworks */,
				2EFAF7D424F41FAA008CC5D3 /* Resources */,
			);
			buildRules = (
			);
			dependencies = (
			);
			name = "Flight Booking WatchKit Extension";
			productName = "Flight Booking WatchKit Extension";
			productReference = 2EFAF7D624F41FAA008CC5D3 /* Flight Booking WatchKit Extension.appex */;
			productType = "com.apple.product-type.watchkit2-extension";
		};
/* End PBXNativeTarget section */

/* Begin PBXProject section */
		2EFAF7AB24F41FA5008CC5D3 /* Project object */ = {
			isa = PBXProject;
			attributes = {
				LastSwiftUpdateCheck = 1160;
				LastUpgradeCheck = 1160;
				ORGANIZATIONNAME = "Kishore Narang";
				TargetAttributes = {
					2EFAF7B224F41FA5008CC5D3 = {
						CreatedOnToolsVersion = 11.6;
					};
					2EFAF7C624F41FA8008CC5D3 = {
						CreatedOnToolsVersion = 11.6;
					};
					2EFAF7D524F41FAA008CC5D3 = {
						CreatedOnToolsVersion = 11.6;
					};
				};
			};
			buildConfigurationList = 2EFAF7AE24F41FA5008CC5D3 /* Build configuration list for PBXProject "Flight Booking" */;
			compatibilityVersion = "Xcode 9.3";
			developmentRegion = en;
			hasScannedForEncodings = 0;
			knownRegions = (
				en,
				Base,
			);
			mainGroup = 2EFAF7AA24F41FA4008CC5D3;
			productRefGroup = 2EFAF7B424F41FA5008CC5D3 /* Products */;
			projectDirPath = "";
			projectRoot = "";
			targets = (
				2EFAF7B224F41FA5008CC5D3 /* Flight Booking */,
				2EFAF7C624F41FA8008CC5D3 /* Flight Booking WatchKit App */,
				2EFAF7D524F41FAA008CC5D3 /* Flight Booking WatchKit Extension */,
			);
		};
/* End PBXProject section */

/* Begin PBXResourcesBuildPhase section */
		2EFAF7B124F41FA5008CC5D3 /* Resources */ = {
			isa = PBXResourcesBuildPhase;
			buildActionMask = 2147483647;
			files = (
				2EFAF7C324F41FA8008CC5D3 /* LaunchScreen.storyboard in Resources */,
				2EFAF7C024F41FA8008CC5D3 /* Assets.xcassets in Resources */,
				2EFAF7BE24F41FA5008CC5D3 /* Main.storyboard in Resources */,
				2EFAF7F424F579D9008CC5D3 /* Source in Resources */,
			);
			runOnlyForDeploymentPostprocessing = 0;
		};
		2EFAF7C524F41FA8008CC5D3 /* Resources */ = {
			isa = PBXResourcesBuildPhase;
			buildActionMask = 2147483647;
			files = (
				2EFAF7D024F41FAA008CC5D3 /* Assets.xcassets in Resources */,
				2EFAF7CE24F41FA8008CC5D3 /* Interface.storyboard in Resources */,
			);
			runOnlyForDeploymentPostprocessing = 0;
		};
		2EFAF7D424F41FAA008CC5D3 /* Resources */ = {
			isa = PBXResourcesBuildPhase;
			buildActionMask = 2147483647;
			files = (
				2EFAF7E224F41FAC008CC5D3 /* Assets.xcassets in Resources */,
			);
			runOnlyForDeploymentPostprocessing = 0;
		};
/* End PBXResourcesBuildPhase section */

/* Begin PBXShellScriptBuildPhase section */
		20DDA56AEA9693DAE3B7ACF5 /* [CP] Check Pods Manifest.lock */ = {
			isa = PBXShellScriptBuildPhase;
			buildActionMask = 2147483647;
			files = (
			);
			inputFileListPaths = (
			);
			inputPaths = (
				"${PODS_PODFILE_DIR_PATH}/Podfile.lock",
				"${PODS_ROOT}/Manifest.lock",
			);
			name = "[CP] Check Pods Manifest.lock";
			outputFileListPaths = (
			);
			outputPaths = (
				"$(DERIVED_FILE_DIR)/Pods-Flight Booking-checkManifestLockResult.txt",
			);
			runOnlyForDeploymentPostprocessing = 0;
			shellPath = /bin/sh;
			shellScript = "diff \"${PODS_PODFILE_DIR_PATH}/Podfile.lock\" \"${PODS_ROOT}/Manifest.lock\" > /dev/null\nif [ $? != 0 ] ; then\n    # print error to STDERR\n    echo \"error: The sandbox is not in sync with the Podfile.lock. Run 'pod install' or update your CocoaPods installation.\" >&2\n    exit 1\nfi\n# This output is used by Xcode 'outputs' to avoid re-running this script phase.\necho \"SUCCESS\" > \"${SCRIPT_OUTPUT_FILE_0}\"\n";
			showEnvVarsInLog = 0;
		};
		6341CB22FCE5A9857C0792DA /* [CP] Embed Pods Frameworks */ = {
			isa = PBXShellScriptBuildPhase;
			buildActionMask = 2147483647;
			files = (
			);
			inputFileListPaths = (
				"${PODS_ROOT}/Target Support Files/Pods-Flight Booking/Pods-Flight Booking-frameworks-${CONFIGURATION}-input-files.xcfilelist",
			);
			name = "[CP] Embed Pods Frameworks";
			outputFileListPaths = (
				"${PODS_ROOT}/Target Support Files/Pods-Flight Booking/Pods-Flight Booking-frameworks-${CONFIGURATION}-output-files.xcfilelist",
			);
			runOnlyForDeploymentPostprocessing = 0;
			shellPath = /bin/sh;
			shellScript = "\"${PODS_ROOT}/Target Support Files/Pods-Flight Booking/Pods-Flight Booking-frameworks.sh\"\n";
			showEnvVarsInLog = 0;
		};
		BBAAC6C4169820A6F6DA5E5C /* [CP] Check Pods Manifest.lock */ = {
			isa = PBXShellScriptBuildPhase;
			buildActionMask = 2147483647;
			files = (
			);
			inputFileListPaths = (
			);
			inputPaths = (
				"${PODS_PODFILE_DIR_PATH}/Podfile.lock",
				"${PODS_ROOT}/Manifest.lock",
			);
			name = "[CP] Check Pods Manifest.lock";
			outputFileListPaths = (
			);
			outputPaths = (
				"$(DERIVED_FILE_DIR)/Pods-Flight Booking WatchKit App-checkManifestLockResult.txt",
			);
			runOnlyForDeploymentPostprocessing = 0;
			shellPath = /bin/sh;
			shellScript = "diff \"${PODS_PODFILE_DIR_PATH}/Podfile.lock\" \"${PODS_ROOT}/Manifest.lock\" > /dev/null\nif [ $? != 0 ] ; then\n    # print error to STDERR\n    echo \"error: The sandbox is not in sync with the Podfile.lock. Run 'pod install' or update your CocoaPods installation.\" >&2\n    exit 1\nfi\n# This output is used by Xcode 'outputs' to avoid re-running this script phase.\necho \"SUCCESS\" > \"${SCRIPT_OUTPUT_FILE_0}\"\n";
			showEnvVarsInLog = 0;
		};
		F5B25E64176FE1A117C05CA2 /* [CP] Check Pods Manifest.lock */ = {
			isa = PBXShellScriptBuildPhase;
			buildActionMask = 2147483647;
			files = (
			);
			inputFileListPaths = (
			);
			inputPaths = (
				"${PODS_PODFILE_DIR_PATH}/Podfile.lock",
				"${PODS_ROOT}/Manifest.lock",
			);
			name = "[CP] Check Pods Manifest.lock";
			outputFileListPaths = (
			);
			outputPaths = (
				"$(DERIVED_FILE_DIR)/Pods-Flight Booking WatchKit Extension-checkManifestLockResult.txt",
			);
			runOnlyForDeploymentPostprocessing = 0;
			shellPath = /bin/sh;
			shellScript = "diff \"${PODS_PODFILE_DIR_PATH}/Podfile.lock\" \"${PODS_ROOT}/Manifest.lock\" > /dev/null\nif [ $? != 0 ] ; then\n    # print error to STDERR\n    echo \"error: The sandbox is not in sync with the Podfile.lock. Run 'pod install' or update your CocoaPods installation.\" >&2\n    exit 1\nfi\n# This output is used by Xcode 'outputs' to avoid re-running this script phase.\necho \"SUCCESS\" > \"${SCRIPT_OUTPUT_FILE_0}\"\n";
			showEnvVarsInLog = 0;
		};
/* End PBXShellScriptBuildPhase section */

/* Begin PBXSourcesBuildPhase section */
		2EFAF7AF24F41FA5008CC5D3 /* Sources */ = {
			isa = PBXSourcesBuildPhase;
			buildActionMask = 2147483647;
			files = (
				2EFAF7BB24F41FA5008CC5D3 /* ViewController.swift in Sources */,
				2E0A5FF224F964BC004E34DB /* String+Extension.swift in Sources */,
				2EFAF7FC24F8701D008CC5D3 /* Trip.swift in Sources */,
				2EFAF7F724F57D60008CC5D3 /* TextField+Extension.swift in Sources */,
				2EFAF7B724F41FA5008CC5D3 /* AppDelegate.swift in Sources */,
				2EFAF7B924F41FA5008CC5D3 /* SceneDelegate.swift in Sources */,
				2EFAF7F924F580E3008CC5D3 /* FlightViewController.swift in Sources */,
				2E0A5FF024F940C4004E34DB /* CustomCell.swift in Sources */,
				2EFAF7FE24F8719D008CC5D3 /* FlightAPI.swift in Sources */,
			);
			runOnlyForDeploymentPostprocessing = 0;
		};
		2EFAF7D224F41FAA008CC5D3 /* Sources */ = {
			isa = PBXSourcesBuildPhase;
			buildActionMask = 2147483647;
			files = (
				2EFAF7E024F41FAA008CC5D3 /* NotificationController.swift in Sources */,
				2EFAF7DE24F41FAA008CC5D3 /* ExtensionDelegate.swift in Sources */,
				2EFAF7DC24F41FAA008CC5D3 /* InterfaceController.swift in Sources */,
			);
			runOnlyForDeploymentPostprocessing = 0;
		};
/* End PBXSourcesBuildPhase section */

/* Begin PBXTargetDependency section */
		2EFAF7CA24F41FA8008CC5D3 /* PBXTargetDependency */ = {
			isa = PBXTargetDependency;
			target = 2EFAF7C624F41FA8008CC5D3 /* Flight Booking WatchKit App */;
			targetProxy = 2EFAF7C924F41FA8008CC5D3 /* PBXContainerItemProxy */;
		};
		2EFAF7D924F41FAA008CC5D3 /* PBXTargetDependency */ = {
			isa = PBXTargetDependency;
			target = 2EFAF7D524F41FAA008CC5D3 /* Flight Booking WatchKit Extension */;
			targetProxy = 2EFAF7D824F41FAA008CC5D3 /* PBXContainerItemProxy */;
		};
/* End PBXTargetDependency section */

/* Begin PBXVariantGroup section */
		2EFAF7BC24F41FA5008CC5D3 /* Main.storyboard */ = {
			isa = PBXVariantGroup;
			children = (
				2EFAF7BD24F41FA5008CC5D3 /* Base */,
			);
			name = Main.storyboard;
			sourceTree = "<group>";
		};
		2EFAF7C124F41FA8008CC5D3 /* LaunchScreen.storyboard */ = {
			isa = PBXVariantGroup;
			children = (
				2EFAF7C224F41FA8008CC5D3 /* Base */,
			);
			name = LaunchScreen.storyboard;
			sourceTree = "<group>";
		};
		2EFAF7CC24F41FA8008CC5D3 /* Interface.storyboard */ = {
			isa = PBXVariantGroup;
			children = (
				2EFAF7CD24F41FA8008CC5D3 /* Base */,
			);
			name = Interface.storyboard;
			sourceTree = "<group>";
		};
/* End PBXVariantGroup section */

/* Begin XCBuildConfiguration section */
		2EFAF7E524F41FAC008CC5D3 /* Debug */ = {
			isa = XCBuildConfiguration;
			buildSettings = {
				ALWAYS_SEARCH_USER_PATHS = NO;
				CLANG_ANALYZER_NONNULL = YES;
				CLANG_ANALYZER_NUMBER_OBJECT_CONVERSION = YES_AGGRESSIVE;
				CLANG_CXX_LANGUAGE_STANDARD = "gnu++14";
				CLANG_CXX_LIBRARY = "libc++";
				CLANG_ENABLE_MODULES = YES;
				CLANG_ENABLE_OBJC_ARC = YES;
				CLANG_ENABLE_OBJC_WEAK = YES;
				CLANG_WARN_BLOCK_CAPTURE_AUTORELEASING = YES;
				CLANG_WARN_BOOL_CONVERSION = YES;
				CLANG_WARN_COMMA = YES;
				CLANG_WARN_CONSTANT_CONVERSION = YES;
				CLANG_WARN_DEPRECATED_OBJC_IMPLEMENTATIONS = YES;
				CLANG_WARN_DIRECT_OBJC_ISA_USAGE = YES_ERROR;
				CLANG_WARN_DOCUMENTATION_COMMENTS = YES;
				CLANG_WARN_EMPTY_BODY = YES;
				CLANG_WARN_ENUM_CONVERSION = YES;
				CLANG_WARN_INFINITE_RECURSION = YES;
				CLANG_WARN_INT_CONVERSION = YES;
				CLANG_WARN_NON_LITERAL_NULL_CONVERSION = YES;
				CLANG_WARN_OBJC_IMPLICIT_RETAIN_SELF = YES;
				CLANG_WARN_OBJC_LITERAL_CONVERSION = YES;
				CLANG_WARN_OBJC_ROOT_CLASS = YES_ERROR;
				CLANG_WARN_RANGE_LOOP_ANALYSIS = YES;
				CLANG_WARN_STRICT_PROTOTYPES = YES;
				CLANG_WARN_SUSPICIOUS_MOVE = YES;
				CLANG_WARN_UNGUARDED_AVAILABILITY = YES_AGGRESSIVE;
				CLANG_WARN_UNREACHABLE_CODE = YES;
				CLANG_WARN__DUPLICATE_METHOD_MATCH = YES;
				COPY_PHASE_STRIP = NO;
				DEBUG_INFORMATION_FORMAT = dwarf;
				ENABLE_STRICT_OBJC_MSGSEND = YES;
				ENABLE_TESTABILITY = YES;
				GCC_C_LANGUAGE_STANDARD = gnu11;
				GCC_DYNAMIC_NO_PIC = NO;
				GCC_NO_COMMON_BLOCKS = YES;
				GCC_OPTIMIZATION_LEVEL = 0;
				GCC_PREPROCESSOR_DEFINITIONS = (
					"DEBUG=1",
					"$(inherited)",
				);
				GCC_WARN_64_TO_32_BIT_CONVERSION = YES;
				GCC_WARN_ABOUT_RETURN_TYPE = YES_ERROR;
				GCC_WARN_UNDECLARED_SELECTOR = YES;
				GCC_WARN_UNINITIALIZED_AUTOS = YES_AGGRESSIVE;
				GCC_WARN_UNUSED_FUNCTION = YES;
				GCC_WARN_UNUSED_VARIABLE = YES;
				IPHONEOS_DEPLOYMENT_TARGET = 13.6;
				MTL_ENABLE_DEBUG_INFO = INCLUDE_SOURCE;
				MTL_FAST_MATH = YES;
				ONLY_ACTIVE_ARCH = YES;
				SDKROOT = iphoneos;
				SWIFT_ACTIVE_COMPILATION_CONDITIONS = DEBUG;
				SWIFT_OPTIMIZATION_LEVEL = "-Onone";
			};
			name = Debug;
		};
		2EFAF7E624F41FAC008CC5D3 /* Release */ = {
			isa = XCBuildConfiguration;
			buildSettings = {
				ALWAYS_SEARCH_USER_PATHS = NO;
				CLANG_ANALYZER_NONNULL = YES;
				CLANG_ANALYZER_NUMBER_OBJECT_CONVERSION = YES_AGGRESSIVE;
				CLANG_CXX_LANGUAGE_STANDARD = "gnu++14";
				CLANG_CXX_LIBRARY = "libc++";
				CLANG_ENABLE_MODULES = YES;
				CLANG_ENABLE_OBJC_ARC = YES;
				CLANG_ENABLE_OBJC_WEAK = YES;
				CLANG_WARN_BLOCK_CAPTURE_AUTORELEASING = YES;
				CLANG_WARN_BOOL_CONVERSION = YES;
				CLANG_WARN_COMMA = YES;
				CLANG_WARN_CONSTANT_CONVERSION = YES;
				CLANG_WARN_DEPRECATED_OBJC_IMPLEMENTATIONS = YES;
				CLANG_WARN_DIRECT_OBJC_ISA_USAGE = YES_ERROR;
				CLANG_WARN_DOCUMENTATION_COMMENTS = YES;
				CLANG_WARN_EMPTY_BODY = YES;
				CLANG_WARN_ENUM_CONVERSION = YES;
				CLANG_WARN_INFINITE_RECURSION = YES;
				CLANG_WARN_INT_CONVERSION = YES;
				CLANG_WARN_NON_LITERAL_NULL_CONVERSION = YES;
				CLANG_WARN_OBJC_IMPLICIT_RETAIN_SELF = YES;
				CLANG_WARN_OBJC_LITERAL_CONVERSION = YES;
				CLANG_WARN_OBJC_ROOT_CLASS = YES_ERROR;
				CLANG_WARN_RANGE_LOOP_ANALYSIS = YES;
				CLANG_WARN_STRICT_PROTOTYPES = YES;
				CLANG_WARN_SUSPICIOUS_MOVE = YES;
				CLANG_WARN_UNGUARDED_AVAILABILITY = YES_AGGRESSIVE;
				CLANG_WARN_UNREACHABLE_CODE = YES;
				CLANG_WARN__DUPLICATE_METHOD_MATCH = YES;
				COPY_PHASE_STRIP = NO;
				DEBUG_INFORMATION_FORMAT = "dwarf-with-dsym";
				ENABLE_NS_ASSERTIONS = NO;
				ENABLE_STRICT_OBJC_MSGSEND = YES;
				GCC_C_LANGUAGE_STANDARD = gnu11;
				GCC_NO_COMMON_BLOCKS = YES;
				GCC_WARN_64_TO_32_BIT_CONVERSION = YES;
				GCC_WARN_ABOUT_RETURN_TYPE = YES_ERROR;
				GCC_WARN_UNDECLARED_SELECTOR = YES;
				GCC_WARN_UNINITIALIZED_AUTOS = YES_AGGRESSIVE;
				GCC_WARN_UNUSED_FUNCTION = YES;
				GCC_WARN_UNUSED_VARIABLE = YES;
				IPHONEOS_DEPLOYMENT_TARGET = 13.6;
				MTL_ENABLE_DEBUG_INFO = NO;
				MTL_FAST_MATH = YES;
				SDKROOT = iphoneos;
				SWIFT_COMPILATION_MODE = wholemodule;
				SWIFT_OPTIMIZATION_LEVEL = "-O";
				VALIDATE_PRODUCT = YES;
			};
			name = Release;
		};
		2EFAF7E824F41FAC008CC5D3 /* Debug */ = {
			isa = XCBuildConfiguration;
			baseConfigurationReference = 66A11FFED12E3AA402D54292 /* Pods-Flight Booking WatchKit Extension.debug.xcconfig */;
			buildSettings = {
				ASSETCATALOG_COMPILER_COMPLICATION_NAME = Complication;
				CODE_SIGN_STYLE = Automatic;
				DEVELOPMENT_TEAM = 7786VMHBLY;
				INFOPLIST_FILE = "Flight Booking WatchKit Extension/Info.plist";
				LD_RUNPATH_SEARCH_PATHS = (
					"$(inherited)",
					"@executable_path/Frameworks",
					"@executable_path/../../Frameworks",
				);
				PRODUCT_BUNDLE_IDENTIFIER = "com.kishorenarang.Flight-Booking.watchkitapp.watchkitextension";
				PRODUCT_NAME = "${TARGET_NAME}";
				SDKROOT = watchos;
				SKIP_INSTALL = YES;
				SWIFT_VERSION = 5.0;
				TARGETED_DEVICE_FAMILY = 4;
				WATCHOS_DEPLOYMENT_TARGET = 6.2;
			};
			name = Debug;
		};
		2EFAF7E924F41FAC008CC5D3 /* Release */ = {
			isa = XCBuildConfiguration;
			baseConfigurationReference = FE108C1EE57D9952A871E3C3 /* Pods-Flight Booking WatchKit Extension.release.xcconfig */;
			buildSettings = {
				ASSETCATALOG_COMPILER_COMPLICATION_NAME = Complication;
				CODE_SIGN_STYLE = Automatic;
				DEVELOPMENT_TEAM = 7786VMHBLY;
				INFOPLIST_FILE = "Flight Booking WatchKit Extension/Info.plist";
				LD_RUNPATH_SEARCH_PATHS = (
					"$(inherited)",
					"@executable_path/Frameworks",
					"@executable_path/../../Frameworks",
				);
				PRODUCT_BUNDLE_IDENTIFIER = "com.kishorenarang.Flight-Booking.watchkitapp.watchkitextension";
				PRODUCT_NAME = "${TARGET_NAME}";
				SDKROOT = watchos;
				SKIP_INSTALL = YES;
				SWIFT_VERSION = 5.0;
				TARGETED_DEVICE_FAMILY = 4;
				WATCHOS_DEPLOYMENT_TARGET = 6.2;
			};
			name = Release;
		};
		2EFAF7EC24F41FAC008CC5D3 /* Debug */ = {
			isa = XCBuildConfiguration;
			baseConfigurationReference = 08682DED873CC71C80FEBC2E /* Pods-Flight Booking WatchKit App.debug.xcconfig */;
			buildSettings = {
				ALWAYS_EMBED_SWIFT_STANDARD_LIBRARIES = YES;
				ASSETCATALOG_COMPILER_APPICON_NAME = AppIcon;
				CODE_SIGN_STYLE = Automatic;
				DEVELOPMENT_TEAM = 7786VMHBLY;
				IBSC_MODULE = Flight_Booking_WatchKit_Extension;
				INFOPLIST_FILE = "Flight Booking WatchKit App/Info.plist";
				PRODUCT_BUNDLE_IDENTIFIER = "com.kishorenarang.Flight-Booking.watchkitapp";
				PRODUCT_NAME = "$(TARGET_NAME)";
				SDKROOT = watchos;
				SKIP_INSTALL = YES;
				SWIFT_VERSION = 5.0;
				TARGETED_DEVICE_FAMILY = 4;
				WATCHOS_DEPLOYMENT_TARGET = 6.2;
			};
			name = Debug;
		};
		2EFAF7ED24F41FAC008CC5D3 /* Release */ = {
			isa = XCBuildConfiguration;
			baseConfigurationReference = 53629B602205CE15A91BA1E4 /* Pods-Flight Booking WatchKit App.release.xcconfig */;
			buildSettings = {
				ALWAYS_EMBED_SWIFT_STANDARD_LIBRARIES = YES;
				ASSETCATALOG_COMPILER_APPICON_NAME = AppIcon;
				CODE_SIGN_STYLE = Automatic;
				DEVELOPMENT_TEAM = 7786VMHBLY;
				IBSC_MODULE = Flight_Booking_WatchKit_Extension;
				INFOPLIST_FILE = "Flight Booking WatchKit App/Info.plist";
				PRODUCT_BUNDLE_IDENTIFIER = "com.kishorenarang.Flight-Booking.watchkitapp";
				PRODUCT_NAME = "$(TARGET_NAME)";
				SDKROOT = watchos;
				SKIP_INSTALL = YES;
				SWIFT_VERSION = 5.0;
				TARGETED_DEVICE_FAMILY = 4;
				WATCHOS_DEPLOYMENT_TARGET = 6.2;
			};
			name = Release;
		};
		2EFAF7F024F41FAC008CC5D3 /* Debug */ = {
			isa = XCBuildConfiguration;
			baseConfigurationReference = 63BD306FBEDFF86CD7F86395 /* Pods-Flight Booking.debug.xcconfig */;
			buildSettings = {
				ASSETCATALOG_COMPILER_APPICON_NAME = AppIcon;
				CODE_SIGN_STYLE = Automatic;
				DEVELOPMENT_TEAM = 7786VMHBLY;
				INFOPLIST_FILE = "Flight Booking/Info.plist";
				LD_RUNPATH_SEARCH_PATHS = (
					"$(inherited)",
					"@executable_path/Frameworks",
				);
				PRODUCT_BUNDLE_IDENTIFIER = "com.kishorenarang.Flight-Booking";
				PRODUCT_NAME = "$(TARGET_NAME)";
				SWIFT_VERSION = 5.0;
				TARGETED_DEVICE_FAMILY = "1,2";
			};
			name = Debug;
		};
		2EFAF7F124F41FAC008CC5D3 /* Release */ = {
			isa = XCBuildConfiguration;
			baseConfigurationReference = 2E351A4749374D4EEF91F884 /* Pods-Flight Booking.release.xcconfig */;
			buildSettings = {
				ASSETCATALOG_COMPILER_APPICON_NAME = AppIcon;
				CODE_SIGN_STYLE = Automatic;
				DEVELOPMENT_TEAM = 7786VMHBLY;
				INFOPLIST_FILE = "Flight Booking/Info.plist";
				LD_RUNPATH_SEARCH_PATHS = (
					"$(inherited)",
					"@executable_path/Frameworks",
				);
				PRODUCT_BUNDLE_IDENTIFIER = "com.kishorenarang.Flight-Booking";
				PRODUCT_NAME = "$(TARGET_NAME)";
				SWIFT_VERSION = 5.0;
				TARGETED_DEVICE_FAMILY = "1,2";
			};
			name = Release;
		};
/* End XCBuildConfiguration section */

/* Begin XCConfigurationList section */
		2EFAF7AE24F41FA5008CC5D3 /* Build configuration list for PBXProject "Flight Booking" */ = {
			isa = XCConfigurationList;
			buildConfigurations = (
				2EFAF7E524F41FAC008CC5D3 /* Debug */,
				2EFAF7E624F41FAC008CC5D3 /* Release */,
			);
			defaultConfigurationIsVisible = 0;
			defaultConfigurationName = Release;
		};
		2EFAF7E724F41FAC008CC5D3 /* Build configuration list for PBXNativeTarget "Flight Booking WatchKit Extension" */ = {
			isa = XCConfigurationList;
			buildConfigurations = (
				2EFAF7E824F41FAC008CC5D3 /* Debug */,
				2EFAF7E924F41FAC008CC5D3 /* Release */,
			);
			defaultConfigurationIsVisible = 0;
			defaultConfigurationName = Release;
		};
		2EFAF7EB24F41FAC008CC5D3 /* Build configuration list for PBXNativeTarget "Flight Booking WatchKit App" */ = {
			isa = XCConfigurationList;
			buildConfigurations = (
				2EFAF7EC24F41FAC008CC5D3 /* Debug */,
				2EFAF7ED24F41FAC008CC5D3 /* Release */,
			);
			defaultConfigurationIsVisible = 0;
			defaultConfigurationName = Release;
		};
		2EFAF7EF24F41FAC008CC5D3 /* Build configuration list for PBXNativeTarget "Flight Booking" */ = {
			isa = XCConfigurationList;
			buildConfigurations = (
				2EFAF7F024F41FAC008CC5D3 /* Debug */,
				2EFAF7F124F41FAC008CC5D3 /* Release */,
			);
			defaultConfigurationIsVisible = 0;
			defaultConfigurationName = Release;
		};
/* End XCConfigurationList section */
	};
	rootObject = 2EFAF7AB24F41FA5008CC5D3 /* Project object */;
}
